// !$*UTF8*$!
{
	archiveVersion = 1;
	classes = {
	};
	objectVersion = 46;
	objects = {

/* Begin PBXBuildFile section */
		8E03398D1D180D1500EDC123 /* AppDelegate.swift in Sources */ = {isa = PBXBuildFile; fileRef = 8E03398C1D180D1500EDC123 /* AppDelegate.swift */; };
		8E03398F1D180D1500EDC123 /* ViewController.swift in Sources */ = {isa = PBXBuildFile; fileRef = 8E03398E1D180D1500EDC123 /* ViewController.swift */; };
		8E0339911D180D1500EDC123 /* Assets.xcassets in Resources */ = {isa = PBXBuildFile; fileRef = 8E0339901D180D1500EDC123 /* Assets.xcassets */; };
		8E0339941D180D1500EDC123 /* Main.storyboard in Resources */ = {isa = PBXBuildFile; fileRef = 8E0339921D180D1500EDC123 /* Main.storyboard */; };
/* End PBXBuildFile section */

/* Begin PBXFileReference section */
		8E0339891D180D1500EDC123 /* SplitViewMasterDetals.app */ = {isa = PBXFileReference; explicitFileType = wrapper.application; includeInIndex = 0; path = SplitViewMasterDetals.app; sourceTree = BUILT_PRODUCTS_DIR; };
		8E03398C1D180D1500EDC123 /* AppDelegate.swift */ = {isa = PBXFileReference; lastKnownFileType = sourcecode.swift; path = AppDelegate.swift; sourceTree = "<group>"; };
		8E03398E1D180D1500EDC123 /* ViewController.swift */ = {isa = PBXFileReference; lastKnownFileType = sourcecode.swift; path = ViewController.swift; sourceTree = "<group>"; };
		8E0339901D180D1500EDC123 /* Assets.xcassets */ = {isa = PBXFileReference; lastKnownFileType = folder.assetcatalog; path = Assets.xcassets; sourceTree = "<group>"; };
		8E0339931D180D1500EDC123 /* Base */ = {isa = PBXFileReference; lastKnownFileType = file.storyboard; name = Base; path = Base.lproj/Main.storyboard; sourceTree = "<group>"; };
		8E0339951D180D1500EDC123 /* Info.plist */ = {isa = PBXFileReference; lastKnownFileType = text.plist.xml; path = Info.plist; sourceTree = "<group>"; };
/* End PBXFileReference section */

/* Begin PBXFrameworksBuildPhase section */
		8E0339861D180D1500EDC123 /* Frameworks */ = {
			isa = PBXFrameworksBuildPhase;
			buildActionMask = 2147483647;
			files = (
			);
			runOnlyForDeploymentPostprocessing = 0;
		};
/* End PBXFrameworksBuildPhase section */

/* Begin PBXGroup section */
		8E0339801D180D1500EDC123 = {
			isa = PBXGroup;
			children = (
				8E03398B1D180D1500EDC123 /* SplitViewMasterDetals */,
				8E03398A1D180D1500EDC123 /* Products */,
			);
			sourceTree = "<group>";
		};
		8E03398A1D180D1500EDC123 /* Products */ = {
			isa = PBXGroup;
			children = (
				8E0339891D180D1500EDC123 /* SplitViewMasterDetals.app */,
			);
			name = Products;
			sourceTree = "<group>";
		};
		8E03398B1D180D1500EDC123 /* SplitViewMasterDetals */ = {
			isa = PBXGroup;
			children = (
				8E03398C1D180D1500EDC123 /* AppDelegate.swift */,
				8E03398E1D180D1500EDC123 /* ViewController.swift */,
				8E0339901D180D1500EDC123 /* Assets.xcassets */,
				8E0339921D180D1500EDC123 /* Main.storyboard */,
				8E0339951D180D1500EDC123 /* Info.plist */,
			);
			path = SplitViewMasterDetals;
			sourceTree = "<group>";
		};
/* End PBXGroup section */

/* Begin PBXNativeTarget section */
		8E0339881D180D1500EDC123 /* SplitViewMasterDetals */ = {
			isa = PBXNativeTarget;
			buildConfigurationList = 8E0339981D180D1500EDC123 /* Build configuration list for PBXNativeTarget "SplitViewMasterDetals" */;
			buildPhases = (
				8E0339851D180D1500EDC123 /* Sources */,
				8E0339861D180D1500EDC123 /* Frameworks */,
				8E0339871D180D1500EDC123 /* Resources */,
			);
			buildRules = (
			);
			dependencies = (
			);
			name = SplitViewMasterDetals;
			productName = SplitViewMasterDetals;
			productReference = 8E0339891D180D1500EDC123 /* SplitViewMasterDetals.app */;
			productType = "com.apple.product-type.application";
		};
/* End PBXNativeTarget section */

/* Begin PBXProject section */
		8E0339811D180D1500EDC123 /* Project object */ = {
			isa = PBXProject;
			attributes = {
				LastSwiftUpdateCheck = 0730;
				LastUpgradeCheck = 0730;
				ORGANIZATIONNAME = "Eugene Mankovski";
				TargetAttributes = {
					8E0339881D180D1500EDC123 = {
						CreatedOnToolsVersion = 7.3.1;
					};
				};
			};
			buildConfigurationList = 8E0339841D180D1500EDC123 /* Build configuration list for PBXProject "SplitViewMasterDetals" */;
			compatibilityVersion = "Xcode 3.2";
			developmentRegion = English;
			hasScannedForEncodings = 0;
			knownRegions = (
				en,
				Base,
			);
			mainGroup = 8E0339801D180D1500EDC123;
			productRefGroup = 8E03398A1D180D1500EDC123 /* Products */;
			projectDirPath = "";
			projectRoot = "";
			targets = (
				8E0339881D180D1500EDC123 /* SplitViewMasterDetals */,
			);
		};
/* End PBXProject section */

/* Begin PBXResourcesBuildPhase section */
		8E0339871D180D1500EDC123 /* Resources */ = {
			isa = PBXResourcesBuildPhase;
			buildActionMask = 2147483647;
			files = (
				8E0339911D180D1500EDC123 /* Assets.xcassets in Resources */,
				8E0339941D180D1500EDC123 /* Main.storyboard in Resources */,
			);
			runOnlyForDeploymentPostprocessing = 0;
		};
/* End PBXResourcesBuildPhase section */

/* Begin PBXSourcesBuildPhase section */
		8E0339851D180D1500EDC123 /* Sources */ = {
			isa = PBXSourcesBuildPhase;
			buildActionMask = 2147483647;
			files = (
				8E03398F1D180D1500EDC123 /* ViewController.swift in Sources */,
				8E03398D1D180D1500EDC123 /* AppDelegate.swift in Sources */,
			);
			runOnlyForDeploymentPostprocessing = 0;
		};
/* End PBXSourcesBuildPhase section */

/* Begin PBXVariantGroup section */
		8E0339921D180D1500EDC123 /* Main.storyboard */ = {
			isa = PBXVariantGroup;
			children = (
				8E0339931D180D1500EDC123 /* Base */,
			);
			name = Main.storyboard;
			sourceTree = "<group>";
		};
/* End PBXVariantGroup section */

/* Begin XCBuildConfiguration section */
		8E0339961D180D1500EDC123 /* Debug */ = {
			isa = XCBuildConfiguration;
			buildSettings = {
				ALWAYS_SEARCH_USER_PATHS = NO;
				CLANG_ANALYZER_NONNULL = YES;
				CLANG_CXX_LANGUAGE_STANDARD = "gnu++0x";
				CLANG_CXX_LIBRARY = "libc++";
				CLANG_ENABLE_MODULES = YES;
				CLANG_ENABLE_OBJC_ARC = YES;
				CLANG_WARN_BOOL_CONVERSION = YES;
				CLANG_WARN_CONSTANT_CONVERSION = YES;
				CLANG_WARN_DIRECT_OBJC_ISA_USAGE = YES_ERROR;
				CLANG_WARN_EMPTY_BODY = YES;
				CLANG_WARN_ENUM_CONVERSION = YES;
				CLANG_WARN_INT_CONVERSION = YES;
				CLANG_WARN_OBJC_ROOT_CLASS = YES_ERROR;
				CLANG_WARN_UNREACHABLE_CODE = YES;
				CLANG_WARN__DUPLICATE_METHOD_MATCH = YES;
				CODE_SIGN_IDENTITY = "-";
				COPY_PHASE_STRIP = NO;
				DEBUG_INFORMATION_FORMAT = dwarf;
				ENABLE_STRICT_OBJC_MSGSEND = YES;
				ENABLE_TESTABILITY = YES;
				GCC_C_LANGUAGE_STANDARD = gnu99;
				GCC_DYNAMIC_NO_PIC = NO;
				GCC_NO_COMMON_BLOCKS = YES;
				GCC_OPTIMIZATION_LEVEL = 0;
				GCC_PREPROCESSOR_DEFINITIONS = (
					"DEBUG=1",
					"$(inherited)",
				);
				GCC_WARN_64_TO_32_BIT_CONVERSION = YES;
				GCC_WARN_ABOUT_RETURN_TYPE = YES_ERROR;
				GCC_WARN_UNDECLARED_SELECTOR = YES;
				GCC_WARN_UNINITIALIZED_AUTOS = YES_AGGRESSIVE;
				GCC_WARN_UNUSED_FUNCTION = YES;
				GCC_WARN_UNUSED_VARIABLE = YES;
				MACOSX_DEPLOYMENT_TARGET = 10.11;
				MTL_ENABLE_DEBUG_INFO = YES;
				ONLY_ACTIVE_ARCH = YES;
				SDKROOT = macosx;
				SWIFT_OPTIMIZATION_LEVEL = "-Onone";
			};
			name = Debug;
		};
		8E0339971D180D1500EDC123 /* Release */ = {
			isa = XCBuildConfiguration;
			buildSettings = {
				ALWAYS_SEARCH_USER_PATHS = NO;
				CLANG_ANALYZER_NONNULL = YES;
				CLANG_CXX_LANGUAGE_STANDARD = "gnu++0x";
				CLANG_CXX_LIBRARY = "libc++";
				CLANG_ENABLE_MODULES = YES;
				CLANG_ENABLE_OBJC_ARC = YES;
				CLANG_WARN_BOOL_CONVERSION = YES;
				CLANG_WARN_CONSTANT_CONVERSION = YES;
				CLANG_WARN_DIRECT_OBJC_ISA_USAGE = YES_ERROR;
				CLANG_WARN_EMPTY_BODY = YES;
				CLANG_WARN_ENUM_CONVERSION = YES;
				CLANG_WARN_INT_CONVERSION = YES;
				CLANG_WARN_OBJC_ROOT_CLASS = YES_ERROR;
				CLANG_WARN_UNREACHABLE_CODE = YES;
				CLANG_WARN__DUPLICATE_METHOD_MATCH = YES;
				CODE_SIGN_IDENTITY = "-";
				COPY_PHASE_STRIP = NO;
				DEBUG_INFORMATION_FORMAT = "dwarf-with-dsym";
				ENABLE_NS_ASSERTIONS = NO;
				ENABLE_STRICT_OBJC_MSGSEND = YES;
				GCC_C_LANGUAGE_STANDARD = gnu99;
				GCC_NO_COMMON_BLOCKS = YES;
				GCC_WARN_64_TO_32_BIT_CONVERSION = YES;
				GCC_WARN_ABOUT_RETURN_TYPE = YES_ERROR;
				GCC_WARN_UNDECLARED_SELECTOR = YES;
				GCC_WARN_UNINITIALIZED_AUTOS = YES_AGGRESSIVE;
				GCC_WARN_UNUSED_FUNCTION = YES;
				GCC_WARN_UNUSED_VARIABLE = YES;
				MACOSX_DEPLOYMENT_TARGET = 10.11;
				MTL_ENABLE_DEBUG_INFO = NO;
				SDKROOT = macosx;
			};
			name = Release;
		};
		8E0339991D180D1500EDC123 /* Debug */ = {
			isa = XCBuildConfiguration;
			buildSettings = {
				ASSETCATALOG_COMPILER_APPICON_NAME = AppIcon;
				COMBINE_HIDPI_IMAGES = YES;
				INFOPLIST_FILE = SplitViewMasterDetals/Info.plist;
				LD_RUNPATH_SEARCH_PATHS = "$(inherited) @executable_path/../Frameworks";
				PRODUCT_BUNDLE_IDENTIFIER = net.mankovski.SplitViewMasterDetals;
				PRODUCT_NAME = "$(TARGET_NAME)";
			};
			name = Debug;
		};
		8E03399A1D180D1500EDC123 /* Release */ = {
			isa = XCBuildConfiguration;
			buildSettings = {
				ASSETCATALOG_COMPILER_APPICON_NAME = AppIcon;
				COMBINE_HIDPI_IMAGES = YES;
				INFOPLIST_FILE = SplitViewMasterDetals/Info.plist;
				LD_RUNPATH_SEARCH_PATHS = "$(inherited) @executable_path/../Frameworks";
				PRODUCT_BUNDLE_IDENTIFIER = net.mankovski.SplitViewMasterDetals;
				PRODUCT_NAME = "$(TARGET_NAME)";
			};
			name = Release;
		};
/* End XCBuildConfiguration section */

/* Begin XCConfigurationList section */
		8E0339841D180D1500EDC123 /* Build configuration list for PBXProject "SplitViewMasterDetals" */ = {
			isa = XCConfigurationList;
			buildConfigurations = (
				8E0339961D180D1500EDC123 /* Debug */,
				8E0339971D180D1500EDC123 /* Release */,
			);
			defaultConfigurationIsVisible = 0;
			defaultConfigurationName = Release;
		};
		8E0339981D180D1500EDC123 /* Build configuration list for PBXNativeTarget "SplitViewMasterDetals" */ = {
			isa = XCConfigurationList;
			buildConfigurations = (
				8E0339991D180D1500EDC123 /* Debug */,
				8E03399A1D180D1500EDC123 /* Release */,
			);
			defaultConfigurationIsVisible = 0;
		};
/* End XCConfigurationList section */
	};
	rootObject = 8E0339811D180D1500EDC123 /* Project object */;
}
